version = 1
revision = 3
requires-python = "==3.12.*"

[[package]]
name = "boto3"
version = "1.42.7"
source = { registry = "https://pypi.org/simple" }
dependencies = [
    { name = "botocore" },
    { name = "jmespath" },
    { name = "s3transfer" },
]
sdist = { url = "https://files.pythonhosted.org/packages/25/f9/808ed6c387802399a9d6c3a6cc3d09d19376dbbcdf228a8ca501b7f98eda/boto3-1.42.7.tar.gz", hash = "sha256:eda49046c0f6a21ac159f9b2d609e5cc70d1dd019b7ac9618eec99285282b3db", size = 112817, upload-time = "2025-12-10T20:32:10.414Z" }
wheels = [
    { url = "https://files.pythonhosted.org/packages/99/87/0929d68046575a2171a6ef8681a14e707c25e1dcc6db883f1729c3c111cd/boto3-1.42.7-py3-none-any.whl", hash = "sha256:c5cb2ada690c14e2dfa1e1c59ef7ef399c5e381f5514f1541d28310e35192300", size = 140573, upload-time = "2025-12-10T20:32:08.253Z" },
]

[[package]]
name = "botocore"
version = "1.42.7"
source = { registry = "https://pypi.org/simple" }
dependencies = [
    { name = "jmespath" },
    { name = "python-dateutil" },
    { name = "urllib3" },
]
sdist = { url = "https://files.pythonhosted.org/packages/99/76/d55a451399fa3a05a39881976dc9a02e6d60661f7e68976a387da655be5a/botocore-1.42.7.tar.gz", hash = "sha256:cc401b4836eae2a781efa1d1df88b2e92f9245885a6ae1bf9a6b26bc97b3efd2", size = 14855150, upload-time = "2025-12-10T20:31:58.665Z" }
wheels = [
    { url = "https://files.pythonhosted.org/packages/d6/46/223f3e319a5a710bd28b4e4b5d0ba16a0ee9c858541335ef42fd14443e83/botocore-1.42.7-py3-none-any.whl", hash = "sha256:92128d56654342f026d5c20a92bf0e8b546be1eb38df2c0efc7433e8bbc39045", size = 14527904, upload-time = "2025-12-10T20:31:54.934Z" },
]

[[package]]
name = "giga-ai-research-pipeline"
version = "0.1.0"
source = { virtual = "." }
dependencies = [
    { name = "boto3" },
    { name = "pandas" },
    { name = "pyreadstat" },
]

[package.metadata]
requires-dist = [
    { name = "boto3", specifier = ">=1.42.7" },
    { name = "pandas", specifier = ">=2.3.3" },
    { name = "pyreadstat", specifier = ">=1.3.2" },
]

[[package]]
name = "jmespath"
version = "1.0.1"
source = { registry = "https://pypi.org/simple" }
sdist = { url = "https://files.pythonhosted.org/packages/00/2a/e867e8531cf3e36b41201936b7fa7ba7b5702dbef42922193f05c8976cd6/jmespath-1.0.1.tar.gz", hash = "sha256:90261b206d6defd58fdd5e85f478bf633a2901798906be2ad389150c5c60edbe", size = 25843, upload-time = "2022-06-17T18:00:12.224Z" }
wheels = [
    { url = "https://files.pythonhosted.org/packages/31/b4/b9b800c45527aadd64d5b442f9b932b00648617eb5d63d2c7a6587b7cafc/jmespath-1.0.1-py3-none-any.whl", hash = "sha256:02e2e4cc71b5bcab88332eebf907519190dd9e6e82107fa7f83b1003a6252980", size = 20256, upload-time = "2022-06-17T18:00:10.251Z" },
]

[[package]]
name = "narwhals"
version = "2.13.0"
source = { registry = "https://pypi.org/simple" }
sdist = { url = "https://files.pythonhosted.org/packages/89/ea/f82ef99ced4d03c33bb314c9b84a08a0a86c448aaa11ffd6256b99538aa5/narwhals-2.13.0.tar.gz", hash = "sha256:ee94c97f4cf7cfeebbeca8d274784df8b3d7fd3f955ce418af998d405576fdd9", size = 594555, upload-time = "2025-12-01T13:54:05.329Z" }
wheels = [
    { url = "https://files.pythonhosted.org/packages/87/0d/1861d1599571974b15b025e12b142d8e6b42ad66c8a07a89cb0fc21f1e03/narwhals-2.13.0-py3-none-any.whl", hash = "sha256:9b795523c179ca78204e3be53726da374168f906e38de2ff174c2363baaaf481", size = 426407, upload-time = "2025-12-01T13:54:03.861Z" },
]

[[package]]
name = "numpy"
version = "2.3.5"
source = { registry = "https://pypi.org/simple" }
sdist = { url = "https://files.pythonhosted.org/packages/76/65/21b3bc86aac7b8f2862db1e808f1ea22b028e30a225a34a5ede9bf8678f2/numpy-2.3.5.tar.gz", hash = "sha256:784db1dcdab56bf0517743e746dfb0f885fc68d948aba86eeec2cba234bdf1c0", size = 20584950, upload-time = "2025-11-16T22:52:42.067Z" }
wheels = [
    { url = "https://files.pythonhosted.org/packages/44/37/e669fe6cbb2b96c62f6bbedc6a81c0f3b7362f6a59230b23caa673a85721/numpy-2.3.5-cp312-cp312-macosx_10_13_x86_64.whl", hash = "sha256:74ae7b798248fe62021dbf3c914245ad45d1a6b0cb4a29ecb4b31d0bfbc4cc3e", size = 16733873, upload-time = "2025-11-16T22:49:49.84Z" },
    { url = "https://files.pythonhosted.org/packages/c5/65/df0db6c097892c9380851ab9e44b52d4f7ba576b833996e0080181c0c439/numpy-2.3.5-cp312-cp312-macosx_11_0_arm64.whl", hash = "sha256:ee3888d9ff7c14604052b2ca5535a30216aa0a58e948cdd3eeb8d3415f638769", size = 12259838, upload-time = "2025-11-16T22:49:52.863Z" },
    { url = "https://files.pythonhosted.org/packages/5b/e1/1ee06e70eb2136797abe847d386e7c0e830b67ad1d43f364dd04fa50d338/numpy-2.3.5-cp312-cp312-macosx_14_0_arm64.whl", hash = "sha256:612a95a17655e213502f60cfb9bf9408efdc9eb1d5f50535cc6eb365d11b42b5", size = 5088378, upload-time = "2025-11-16T22:49:55.055Z" },
    { url = "https://files.pythonhosted.org/packages/6d/9c/1ca85fb86708724275103b81ec4cf1ac1d08f465368acfc8da7ab545bdae/numpy-2.3.5-cp312-cp312-macosx_14_0_x86_64.whl", hash = "sha256:3101e5177d114a593d79dd79658650fe28b5a0d8abeb8ce6f437c0e6df5be1a4", size = 6628559, upload-time = "2025-11-16T22:49:57.371Z" },
    { url = "https://files.pythonhosted.org/packages/74/78/fcd41e5a0ce4f3f7b003da85825acddae6d7ecb60cf25194741b036ca7d6/numpy-2.3.5-cp312-cp312-manylinux_2_27_aarch64.manylinux_2_28_aarch64.whl", hash = "sha256:8b973c57ff8e184109db042c842423ff4f60446239bd585a5131cc47f06f789d", size = 14250702, upload-time = "2025-11-16T22:49:59.632Z" },
    { url = "https://files.pythonhosted.org/packages/b6/23/2a1b231b8ff672b4c450dac27164a8b2ca7d9b7144f9c02d2396518352eb/numpy-2.3.5-cp312-cp312-manylinux_2_27_x86_64.manylinux_2_28_x86_64.whl", hash = "sha256:0d8163f43acde9a73c2a33605353a4f1bc4798745a8b1d73183b28e5b435ae28", size = 16606086, upload-time = "2025-11-16T22:50:02.127Z" },
    { url = "https://files.pythonhosted.org/packages/a0/c5/5ad26fbfbe2012e190cc7d5003e4d874b88bb18861d0829edc140a713021/numpy-2.3.5-cp312-cp312-musllinux_1_2_aarch64.whl", hash = "sha256:51c1e14eb1e154ebd80e860722f9e6ed6ec89714ad2db2d3aa33c31d7c12179b", size = 16025985, upload-time = "2025-11-16T22:50:04.536Z" },
    { url = "https://files.pythonhosted.org/packages/d2/fa/dd48e225c46c819288148d9d060b047fd2a6fb1eb37eae25112ee4cb4453/numpy-2.3.5-cp312-cp312-musllinux_1_2_x86_64.whl", hash = "sha256:b46b4ec24f7293f23adcd2d146960559aaf8020213de8ad1909dba6c013bf89c", size = 18542976, upload-time = "2025-11-16T22:50:07.557Z" },
    { url = "https://files.pythonhosted.org/packages/05/79/ccbd23a75862d95af03d28b5c6901a1b7da4803181513d52f3b86ed9446e/numpy-2.3.5-cp312-cp312-win32.whl", hash = "sha256:3997b5b3c9a771e157f9aae01dd579ee35ad7109be18db0e85dbdbe1de06e952", size = 6285274, upload-time = "2025-11-16T22:50:10.746Z" },
    { url = "https://files.pythonhosted.org/packages/2d/57/8aeaf160312f7f489dea47ab61e430b5cb051f59a98ae68b7133ce8fa06a/numpy-2.3.5-cp312-cp312-win_amd64.whl", hash = "sha256:86945f2ee6d10cdfd67bcb4069c1662dd711f7e2a4343db5cecec06b87cf31aa", size = 12782922, upload-time = "2025-11-16T22:50:12.811Z" },
    { url = "https://files.pythonhosted.org/packages/78/a6/aae5cc2ca78c45e64b9ef22f089141d661516856cf7c8a54ba434576900d/numpy-2.3.5-cp312-cp312-win_arm64.whl", hash = "sha256:f28620fe26bee16243be2b7b874da327312240a7cdc38b769a697578d2100013", size = 10194667, upload-time = "2025-11-16T22:50:16.16Z" },
]

[[package]]
name = "pandas"
version = "2.3.3"
source = { registry = "https://pypi.org/simple" }
dependencies = [
    { name = "numpy" },
    { name = "python-dateutil" },
    { name = "pytz" },
    { name = "tzdata" },
]
sdist = { url = "https://files.pythonhosted.org/packages/33/01/d40b85317f86cf08d853a4f495195c73815fdf205eef3993821720274518/pandas-2.3.3.tar.gz", hash = "sha256:e05e1af93b977f7eafa636d043f9f94c7ee3ac81af99c13508215942e64c993b", size = 4495223, upload-time = "2025-09-29T23:34:51.853Z" }
wheels = [
    { url = "https://files.pythonhosted.org/packages/9c/fb/231d89e8637c808b997d172b18e9d4a4bc7bf31296196c260526055d1ea0/pandas-2.3.3-cp312-cp312-macosx_10_13_x86_64.whl", hash = "sha256:6d21f6d74eb1725c2efaa71a2bfc661a0689579b58e9c0ca58a739ff0b002b53", size = 11597846, upload-time = "2025-09-29T23:19:48.856Z" },
    { url = "https://files.pythonhosted.org/packages/5c/bd/bf8064d9cfa214294356c2d6702b716d3cf3bb24be59287a6a21e24cae6b/pandas-2.3.3-cp312-cp312-macosx_11_0_arm64.whl", hash = "sha256:3fd2f887589c7aa868e02632612ba39acb0b8948faf5cc58f0850e165bd46f35", size = 10729618, upload-time = "2025-09-29T23:39:08.659Z" },
    { url = "https://files.pythonhosted.org/packages/57/56/cf2dbe1a3f5271370669475ead12ce77c61726ffd19a35546e31aa8edf4e/pandas-2.3.3-cp312-cp312-manylinux_2_24_aarch64.manylinux_2_28_aarch64.whl", hash = "sha256:ecaf1e12bdc03c86ad4a7ea848d66c685cb6851d807a26aa245ca3d2017a1908", size = 11737212, upload-time = "2025-09-29T23:19:59.765Z" },
    { url = "https://files.pythonhosted.org/packages/e5/63/cd7d615331b328e287d8233ba9fdf191a9c2d11b6af0c7a59cfcec23de68/pandas-2.3.3-cp312-cp312-manylinux_2_24_x86_64.manylinux_2_28_x86_64.whl", hash = "sha256:b3d11d2fda7eb164ef27ffc14b4fcab16a80e1ce67e9f57e19ec0afaf715ba89", size = 12362693, upload-time = "2025-09-29T23:20:14.098Z" },
    { url = "https://files.pythonhosted.org/packages/a6/de/8b1895b107277d52f2b42d3a6806e69cfef0d5cf1d0ba343470b9d8e0a04/pandas-2.3.3-cp312-cp312-musllinux_1_2_aarch64.whl", hash = "sha256:a68e15f780eddf2b07d242e17a04aa187a7ee12b40b930bfdd78070556550e98", size = 12771002, upload-time = "2025-09-29T23:20:26.76Z" },
    { url = "https://files.pythonhosted.org/packages/87/21/84072af3187a677c5893b170ba2c8fbe450a6ff911234916da889b698220/pandas-2.3.3-cp312-cp312-musllinux_1_2_x86_64.whl", hash = "sha256:371a4ab48e950033bcf52b6527eccb564f52dc826c02afd9a1bc0ab731bba084", size = 13450971, upload-time = "2025-09-29T23:20:41.344Z" },
    { url = "https://files.pythonhosted.org/packages/86/41/585a168330ff063014880a80d744219dbf1dd7a1c706e75ab3425a987384/pandas-2.3.3-cp312-cp312-win_amd64.whl", hash = "sha256:a16dcec078a01eeef8ee61bf64074b4e524a2a3f4b3be9326420cabe59c4778b", size = 10992722, upload-time = "2025-09-29T23:20:54.139Z" },
]

[[package]]
name = "pyreadstat"
version = "1.3.2"
source = { registry = "https://pypi.org/simple" }
dependencies = [
    { name = "narwhals" },
    { name = "numpy" },
]
sdist = { url = "https://files.pythonhosted.org/packages/5e/43/9b0b4405e2f7e587bf978e80561af93211d5f2cee08f6d54eacc207195f1/pyreadstat-1.3.2.tar.gz", hash = "sha256:4ebb105119e4d4026328cd611e5e582e7456d14057be25070d5ebf7ff730ed78", size = 611876, upload-time = "2025-11-05T09:20:34.939Z" }
wheels = [
    { url = "https://files.pythonhosted.org/packages/e6/52/80f600c6a5625fcff58f31260542c3c3f1b3213fea21f4af9d186e5052b2/pyreadstat-1.3.2-cp312-cp312-macosx_10_13_x86_64.whl", hash = "sha256:52d2f8dce24dee1a391e8dae46b1e501d940a1f8090bc531d5bc2460c479f058", size = 578341, upload-time = "2025-11-05T09:20:02.329Z" },
    { url = "https://files.pythonhosted.org/packages/92/73/6bafab6311af6cbf5a780f0bf4cab3acaef5be2cf452b2631571b9cc4236/pyreadstat-1.3.2-cp312-cp312-macosx_11_0_arm64.whl", hash = "sha256:0d614eab92bf0592e507b66e5fc5af96592a27c9ad70e2c2744dc612ee72d295", size = 531721, upload-time = "2025-11-05T09:20:03.984Z" },
    { url = "https://files.pythonhosted.org/packages/4d/c7/6b808e597f7b002ee766adf537e64334b775226083ea6497cb1671b729b4/pyreadstat-1.3.2-cp312-cp312-manylinux2014_aarch64.manylinux_2_17_aarch64.manylinux_2_28_aarch64.whl", hash = "sha256:4273577772a40245712cb59f27a9876f17833eeebe215ac8621f119ec3485350", size = 3019685, upload-time = "2025-11-05T09:20:06.208Z" },
    { url = "https://files.pythonhosted.org/packages/fc/fa/f44fc34efe65826eba37e3befb5e57a73458f98964a5b2d2330c900f0017/pyreadstat-1.3.2-cp312-cp312-manylinux2014_x86_64.manylinux_2_17_x86_64.manylinux_2_28_x86_64.whl", hash = "sha256:ccdec9e4fd39b39c065715aad7f44b4892f5427bcfed84ddb8e659555220a052", size = 3123842, upload-time = "2025-11-05T09:20:08.56Z" },
    { url = "https://files.pythonhosted.org/packages/f4/dd/f491fffa78544c290403b484a0fe5abb59bd943665202dd61026b8803263/pyreadstat-1.3.2-cp312-cp312-win_amd64.whl", hash = "sha256:139a2a1c4a364fea2e840e77498654c2204e5ba8f518c48008f4e892b80587d8", size = 2415423, upload-time = "2025-11-05T09:20:10.778Z" },
]

[[package]]
name = "python-dateutil"
version = "2.9.0.post0"
source = { registry = "https://pypi.org/simple" }
dependencies = [
    { name = "six" },
]
sdist = { url = "https://files.pythonhosted.org/packages/66/c0/0c8b6ad9f17a802ee498c46e004a0eb49bc148f2fd230864601a86dcf6db/python-dateutil-2.9.0.post0.tar.gz", hash = "sha256:37dd54208da7e1cd875388217d5e00ebd4179249f90fb72437e91a35459a0ad3", size = 342432, upload-time = "2024-03-01T18:36:20.211Z" }
wheels = [
    { url = "https://files.pythonhosted.org/packages/ec/57/56b9bcc3c9c6a792fcbaf139543cee77261f3651ca9da0c93f5c1221264b/python_dateutil-2.9.0.post0-py2.py3-none-any.whl", hash = "sha256:a8b2bc7bffae282281c8140a97d3aa9c14da0b136dfe83f850eea9a5f7470427", size = 229892, upload-time = "2024-03-01T18:36:18.57Z" },
]

[[package]]
name = "pytz"
version = "2025.2"
source = { registry = "https://pypi.org/simple" }
sdist = { url = "https://files.pythonhosted.org/packages/f8/bf/abbd3cdfb8fbc7fb3d4d38d320f2441b1e7cbe29be4f23797b4a2b5d8aac/pytz-2025.2.tar.gz", hash = "sha256:360b9e3dbb49a209c21ad61809c7fb453643e048b38924c765813546746e81c3", size = 320884, upload-time = "2025-03-25T02:25:00.538Z" }
wheels = [
    { url = "https://files.pythonhosted.org/packages/81/c4/34e93fe5f5429d7570ec1fa436f1986fb1f00c3e0f43a589fe2bbcd22c3f/pytz-2025.2-py2.py3-none-any.whl", hash = "sha256:5ddf76296dd8c44c26eb8f4b6f35488f3ccbf6fbbd7adee0b7262d43f0ec2f00", size = 509225, upload-time = "2025-03-25T02:24:58.468Z" },
]

[[package]]
name = "s3transfer"
version = "0.16.0"
source = { registry = "https://pypi.org/simple" }
dependencies = [
    { name = "botocore" },
]
sdist = { url = "https://files.pythonhosted.org/packages/05/04/74127fc843314818edfa81b5540e26dd537353b123a4edc563109d8f17dd/s3transfer-0.16.0.tar.gz", hash = "sha256:8e990f13268025792229cd52fa10cb7163744bf56e719e0b9cb925ab79abf920", size = 153827, upload-time = "2025-12-01T02:30:59.114Z" }
wheels = [
    { url = "https://files.pythonhosted.org/packages/fc/51/727abb13f44c1fcf6d145979e1535a35794db0f6e450a0cb46aa24732fe2/s3transfer-0.16.0-py3-none-any.whl", hash = "sha256:18e25d66fed509e3868dc1572b3f427ff947dd2c56f844a5bf09481ad3f3b2fe", size = 86830, upload-time = "2025-12-01T02:30:57.729Z" },
]

[[package]]
name = "six"
version = "1.17.0"
source = { registry = "https://pypi.org/simple" }
sdist = { url = "https://files.pythonhosted.org/packages/94/e7/b2c673351809dca68a0e064b6af791aa332cf192da575fd474ed7d6f16a2/six-1.17.0.tar.gz", hash = "sha256:ff70335d468e7eb6ec65b95b99d3a2836546063f63acc5171de367e834932a81", size = 34031, upload-time = "2024-12-04T17:35:28.174Z" }
wheels = [
    { url = "https://files.pythonhosted.org/packages/b7/ce/149a00dd41f10bc29e5921b496af8b574d8413afcd5e30dfa0ed46c2cc5e/six-1.17.0-py2.py3-none-any.whl", hash = "sha256:4721f391ed90541fddacab5acf947aa0d3dc7d27b2e1e8eda2be8970586c3274", size = 11050, upload-time = "2024-12-04T17:35:26.475Z" },
]

[[package]]
name = "tzdata"
version = "2025.2"
source = { registry = "https://pypi.org/simple" }
sdist = { url = "https://files.pythonhosted.org/packages/95/32/1a225d6164441be760d75c2c42e2780dc0873fe382da3e98a2e1e48361e5/tzdata-2025.2.tar.gz", hash = "sha256:b60a638fcc0daffadf82fe0f57e53d06bdec2f36c4df66280ae79bce6bd6f2b9", size = 196380, upload-time = "2025-03-23T13:54:43.652Z" }
wheels = [
    { url = "https://files.pythonhosted.org/packages/5c/23/c7abc0ca0a1526a0774eca151daeb8de62ec457e77262b66b359c3c7679e/tzdata-2025.2-py2.py3-none-any.whl", hash = "sha256:1a403fada01ff9221ca8044d701868fa132215d84beb92242d9acd2147f667a8", size = 347839, upload-time = "2025-03-23T13:54:41.845Z" },
]

[[package]]
name = "urllib3"
version = "2.6.1"
source = { registry = "https://pypi.org/simple" }
sdist = { url = "https://files.pythonhosted.org/packages/5e/1d/0f3a93cca1ac5e8287842ed4eebbd0f7a991315089b1a0b01c7788aa7b63/urllib3-2.6.1.tar.gz", hash = "sha256:5379eb6e1aba4088bae84f8242960017ec8d8e3decf30480b3a1abdaa9671a3f", size = 432678, upload-time = "2025-12-08T15:25:26.773Z" }
wheels = [
    { url = "https://files.pythonhosted.org/packages/bc/56/190ceb8cb10511b730b564fb1e0293fa468363dbad26145c34928a60cb0c/urllib3-2.6.1-py3-none-any.whl", hash = "sha256:e67d06fe947c36a7ca39f4994b08d73922d40e6cca949907be05efa6fd75110b", size = 131138, upload-time = "2025-12-08T15:25:25.51Z" },
]
